// !$*UTF8*$!
{
	archiveVersion = 1;
	classes = {
	};
	objectVersion = 46;
	objects = {

/* Begin PBXBuildFile section */
		BE150D541B29F869005FBB5F /* main.m in Sources */ = {isa = PBXBuildFile; fileRef = BE150D531B29F869005FBB5F /* main.m */; };
		BE150D571B29F869005FBB5F /* AppDelegate.m in Sources */ = {isa = PBXBuildFile; fileRef = BE150D561B29F869005FBB5F /* AppDelegate.m */; };
		BE150D5A1B29F869005FBB5F /* ViewController.m in Sources */ = {isa = PBXBuildFile; fileRef = BE150D591B29F869005FBB5F /* ViewController.m */; };
		BE150D5D1B29F869005FBB5F /* Main.storyboard in Resources */ = {isa = PBXBuildFile; fileRef = BE150D5B1B29F869005FBB5F /* Main.storyboard */; };
		BE150D5F1B29F869005FBB5F /* Images.xcassets in Resources */ = {isa = PBXBuildFile; fileRef = BE150D5E1B29F869005FBB5F /* Images.xcassets */; };
		BE150D621B29F869005FBB5F /* LaunchScreen.xib in Resources */ = {isa = PBXBuildFile; fileRef = BE150D601B29F869005FBB5F /* LaunchScreen.xib */; };
		BE150D6E1B29F869005FBB5F /* TopTabControllerTests.m in Sources */ = {isa = PBXBuildFile; fileRef = BE150D6D1B29F869005FBB5F /* TopTabControllerTests.m */; };
/* End PBXBuildFile section */

/* Begin PBXContainerItemProxy section */
		BE150D681B29F869005FBB5F /* PBXContainerItemProxy */ = {
			isa = PBXContainerItemProxy;
			containerPortal = BE150D461B29F869005FBB5F /* Project object */;
			proxyType = 1;
			remoteGlobalIDString = BE150D4D1B29F869005FBB5F;
			remoteInfo = TopTabController;
		};
/* End PBXContainerItemProxy section */

/* Begin PBXFileReference section */
		BE150D4E1B29F869005FBB5F /* TopTabController.app */ = {isa = PBXFileReference; explicitFileType = wrapper.application; includeInIndex = 0; path = TopTabController.app; sourceTree = BUILT_PRODUCTS_DIR; };
		BE150D521B29F869005FBB5F /* Info.plist */ = {isa = PBXFileReference; lastKnownFileType = text.plist.xml; path = Info.plist; sourceTree = "<group>"; };
		BE150D531B29F869005FBB5F /* main.m */ = {isa = PBXFileReference; lastKnownFileType = sourcecode.c.objc; path = main.m; sourceTree = "<group>"; };
		BE150D551B29F869005FBB5F /* AppDelegate.h */ = {isa = PBXFileReference; lastKnownFileType = sourcecode.c.h; path = AppDelegate.h; sourceTree = "<group>"; };
		BE150D561B29F869005FBB5F /* AppDelegate.m */ = {isa = PBXFileReference; lastKnownFileType = sourcecode.c.objc; path = AppDelegate.m; sourceTree = "<group>"; };
		BE150D581B29F869005FBB5F /* ViewController.h */ = {isa = PBXFileReference; lastKnownFileType = sourcecode.c.h; path = ViewController.h; sourceTree = "<group>"; };
		BE150D591B29F869005FBB5F /* ViewController.m */ = {isa = PBXFileReference; lastKnownFileType = sourcecode.c.objc; path = ViewController.m; sourceTree = "<group>"; };
		BE150D5C1B29F869005FBB5F /* Base */ = {isa = PBXFileReference; lastKnownFileType = file.storyboard; name = Base; path = Base.lproj/Main.storyboard; sourceTree = "<group>"; };
		BE150D5E1B29F869005FBB5F /* Images.xcassets */ = {isa = PBXFileReference; lastKnownFileType = folder.assetcatalog; path = Images.xcassets; sourceTree = "<group>"; };
		BE150D611B29F869005FBB5F /* Base */ = {isa = PBXFileReference; lastKnownFileType = file.xib; name = Base; path = Base.lproj/LaunchScreen.xib; sourceTree = "<group>"; };
		BE150D671B29F869005FBB5F /* TopTabControllerTests.xctest */ = {isa = PBXFileReference; explicitFileType = wrapper.cfbundle; includeInIndex = 0; path = TopTabControllerTests.xctest; sourceTree = BUILT_PRODUCTS_DIR; };
		BE150D6C1B29F869005FBB5F /* Info.plist */ = {isa = PBXFileReference; lastKnownFileType = text.plist.xml; path = Info.plist; sourceTree = "<group>"; };
		BE150D6D1B29F869005FBB5F /* TopTabControllerTests.m */ = {isa = PBXFileReference; lastKnownFileType = sourcecode.c.objc; path = TopTabControllerTests.m; sourceTree = "<group>"; };
/* End PBXFileReference section */

/* Begin PBXFrameworksBuildPhase section */
		BE150D4B1B29F869005FBB5F /* Frameworks */ = {
			isa = PBXFrameworksBuildPhase;
			buildActionMask = 2147483647;
			files = (
			);
			runOnlyForDeploymentPostprocessing = 0;
		};
		BE150D641B29F869005FBB5F /* Frameworks */ = {
			isa = PBXFrameworksBuildPhase;
			buildActionMask = 2147483647;
			files = (
			);
			runOnlyForDeploymentPostprocessing = 0;
		};
/* End PBXFrameworksBuildPhase section */

/* Begin PBXGroup section */
		BE150D451B29F869005FBB5F = {
			isa = PBXGroup;
			children = (
				BE150D501B29F869005FBB5F /* TopTabController */,
				BE150D6A1B29F869005FBB5F /* TopTabControllerTests */,
				BE150D4F1B29F869005FBB5F /* Products */,
			);
			sourceTree = "<group>";
		};
		BE150D4F1B29F869005FBB5F /* Products */ = {
			isa = PBXGroup;
			children = (
				BE150D4E1B29F869005FBB5F /* TopTabController.app */,
				BE150D671B29F869005FBB5F /* TopTabControllerTests.xctest */,
			);
			name = Products;
			sourceTree = "<group>";
		};
		BE150D501B29F869005FBB5F /* TopTabController */ = {
			isa = PBXGroup;
			children = (
				BE150D551B29F869005FBB5F /* AppDelegate.h */,
				BE150D561B29F869005FBB5F /* AppDelegate.m */,
				BE150D581B29F869005FBB5F /* ViewController.h */,
				BE150D591B29F869005FBB5F /* ViewController.m */,
				BE150D5B1B29F869005FBB5F /* Main.storyboard */,
				BE150D5E1B29F869005FBB5F /* Images.xcassets */,
				BE150D601B29F869005FBB5F /* LaunchScreen.xib */,
				BE150D511B29F869005FBB5F /* Supporting Files */,
			);
			path = TopTabController;
			sourceTree = "<group>";
		};
		BE150D511B29F869005FBB5F /* Supporting Files */ = {
			isa = PBXGroup;
			children = (
				BE150D521B29F869005FBB5F /* Info.plist */,
				BE150D531B29F869005FBB5F /* main.m */,
			);
			name = "Supporting Files";
			sourceTree = "<group>";
		};
		BE150D6A1B29F869005FBB5F /* TopTabControllerTests */ = {
			isa = PBXGroup;
			children = (
				BE150D6D1B29F869005FBB5F /* TopTabControllerTests.m */,
				BE150D6B1B29F869005FBB5F /* Supporting Files */,
			);
			path = TopTabControllerTests;
			sourceTree = "<group>";
		};
		BE150D6B1B29F869005FBB5F /* Supporting Files */ = {
			isa = PBXGroup;
			children = (
				BE150D6C1B29F869005FBB5F /* Info.plist */,
			);
			name = "Supporting Files";
			sourceTree = "<group>";
		};
/* End PBXGroup section */

/* Begin PBXNativeTarget section */
		BE150D4D1B29F869005FBB5F /* TopTabController */ = {
			isa = PBXNativeTarget;
			buildConfigurationList = BE150D711B29F869005FBB5F /* Build configuration list for PBXNativeTarget "TopTabController" */;
			buildPhases = (
				BE150D4A1B29F869005FBB5F /* Sources */,
				BE150D4B1B29F869005FBB5F /* Frameworks */,
				BE150D4C1B29F869005FBB5F /* Resources */,
			);
			buildRules = (
			);
			dependencies = (
			);
			name = TopTabController;
			productName = TopTabController;
			productReference = BE150D4E1B29F869005FBB5F /* TopTabController.app */;
			productType = "com.apple.product-type.application";
		};
		BE150D661B29F869005FBB5F /* TopTabControllerTests */ = {
			isa = PBXNativeTarget;
			buildConfigurationList = BE150D741B29F869005FBB5F /* Build configuration list for PBXNativeTarget "TopTabControllerTests" */;
			buildPhases = (
				BE150D631B29F869005FBB5F /* Sources */,
				BE150D641B29F869005FBB5F /* Frameworks */,
				BE150D651B29F869005FBB5F /* Resources */,
			);
			buildRules = (
			);
			dependencies = (
				BE150D691B29F869005FBB5F /* PBXTargetDependency */,
			);
			name = TopTabControllerTests;
			productName = TopTabControllerTests;
			productReference = BE150D671B29F869005FBB5F /* TopTabControllerTests.xctest */;
			productType = "com.apple.product-type.bundle.unit-test";
		};
/* End PBXNativeTarget section */

/* Begin PBXProject section */
		BE150D461B29F869005FBB5F /* Project object */ = {
			isa = PBXProject;
			attributes = {
				LastUpgradeCheck = 0630;
				ORGANIZATIONNAME = lincy;
				TargetAttributes = {
					BE150D4D1B29F869005FBB5F = {
						CreatedOnToolsVersion = 6.3;
					};
					BE150D661B29F869005FBB5F = {
						CreatedOnToolsVersion = 6.3;
						TestTargetID = BE150D4D1B29F869005FBB5F;
					};
				};
			};
			buildConfigurationList = BE150D491B29F869005FBB5F /* Build configuration list for PBXProject "TopTabController" */;
			compatibilityVersion = "Xcode 3.2";
			developmentRegion = English;
			hasScannedForEncodings = 0;
			knownRegions = (
				en,
				Base,
			);
			mainGroup = BE150D451B29F869005FBB5F;
			productRefGroup = BE150D4F1B29F869005FBB5F /* Products */;
			projectDirPath = "";
			projectRoot = "";
			targets = (
				BE150D4D1B29F869005FBB5F /* TopTabController */,
				BE150D661B29F869005FBB5F /* TopTabControllerTests */,
			);
		};
/* End PBXProject section */

/* Begin PBXResourcesBuildPhase section */
		BE150D4C1B29F869005FBB5F /* Resources */ = {
			isa = PBXResourcesBuildPhase;
			buildActionMask = 2147483647;
			files = (
				BE150D5D1B29F869005FBB5F /* Main.storyboard in Resources */,
				BE150D621B29F869005FBB5F /* LaunchScreen.xib in Resources */,
				BE150D5F1B29F869005FBB5F /* Images.xcassets in Resources */,
			);
			runOnlyForDeploymentPostprocessing = 0;
		};
		BE150D651B29F869005FBB5F /* Resources */ = {
			isa = PBXResourcesBuildPhase;
			buildActionMask = 2147483647;
			files = (
			);
			runOnlyForDeploymentPostprocessing = 0;
		};
/* End PBXResourcesBuildPhase section */

/* Begin PBXSourcesBuildPhase section */
		BE150D4A1B29F869005FBB5F /* Sources */ = {
			isa = PBXSourcesBuildPhase;
			buildActionMask = 2147483647;
			files = (
				BE150D5A1B29F869005FBB5F /* ViewController.m in Sources */,
				BE150D571B29F869005FBB5F /* AppDelegate.m in Sources */,
				BE150D541B29F869005FBB5F /* main.m in Sources */,
			);
			runOnlyForDeploymentPostprocessing = 0;
		};
		BE150D631B29F869005FBB5F /* Sources */ = {
			isa = PBXSourcesBuildPhase;
			buildActionMask = 2147483647;
			files = (
				BE150D6E1B29F869005FBB5F /* TopTabControllerTests.m in Sources */,
			);
			runOnlyForDeploymentPostprocessing = 0;
		};
/* End PBXSourcesBuildPhase section */

/* Begin PBXTargetDependency section */
		BE150D691B29F869005FBB5F /* PBXTargetDependency */ = {
			isa = PBXTargetDependency;
			target = BE150D4D1B29F869005FBB5F /* TopTabController */;
			targetProxy = BE150D681B29F869005FBB5F /* PBXContainerItemProxy */;
		};
/* End PBXTargetDependency section */

/* Begin PBXVariantGroup section */
		BE150D5B1B29F869005FBB5F /* Main.storyboard */ = {
			isa = PBXVariantGroup;
			children = (
				BE150D5C1B29F869005FBB5F /* Base */,
			);
			name = Main.storyboard;
			sourceTree = "<group>";
		};
		BE150D601B29F869005FBB5F /* LaunchScreen.xib */ = {
			isa = PBXVariantGroup;
			children = (
				BE150D611B29F869005FBB5F /* Base */,
			);
			name = LaunchScreen.xib;
			sourceTree = "<group>";
		};
/* End PBXVariantGroup section */

/* Begin XCBuildConfiguration section */
		BE150D6F1B29F869005FBB5F /* Debug */ = {
			isa = XCBuildConfiguration;
			buildSettings = {
				ALWAYS_SEARCH_USER_PATHS = NO;
				CLANG_CXX_LANGUAGE_STANDARD = "gnu++0x";
				CLANG_CXX_LIBRARY = "libc++";
				CLANG_ENABLE_MODULES = YES;
				CLANG_ENABLE_OBJC_ARC = YES;
				CLANG_WARN_BOOL_CONVERSION = YES;
				CLANG_WARN_CONSTANT_CONVERSION = YES;
				CLANG_WARN_DIRECT_OBJC_ISA_USAGE = YES_ERROR;
				CLANG_WARN_EMPTY_BODY = YES;
				CLANG_WARN_ENUM_CONVERSION = YES;
				CLANG_WARN_INT_CONVERSION = YES;
				CLANG_WARN_OBJC_ROOT_CLASS = YES_ERROR;
				CLANG_WARN_UNREACHABLE_CODE = YES;
				CLANG_WARN__DUPLICATE_METHOD_MATCH = YES;
				"CODE_SIGN_IDENTITY[sdk=iphoneos*]" = "iPhone Developer";
				COPY_PHASE_STRIP = NO;
				DEBUG_INFORMATION_FORMAT = "dwarf-with-dsym";
				ENABLE_STRICT_OBJC_MSGSEND = YES;
				GCC_C_LANGUAGE_STANDARD = gnu99;
				GCC_DYNAMIC_NO_PIC = NO;
				GCC_NO_COMMON_BLOCKS = YES;
				GCC_OPTIMIZATION_LEVEL = 0;
				GCC_PREPROCESSOR_DEFINITIONS = (
					"DEBUG=1",
					"$(inherited)",
				);
				GCC_SYMBOLS_PRIVATE_EXTERN = NO;
				GCC_WARN_64_TO_32_BIT_CONVERSION = YES;
				GCC_WARN_ABOUT_RETURN_TYPE = YES_ERROR;
				GCC_WARN_UNDECLARED_SELECTOR = YES;
				GCC_WARN_UNINITIALIZED_AUTOS = YES_AGGRESSIVE;
				GCC_WARN_UNUSED_FUNCTION = YES;
				GCC_WARN_UNUSED_VARIABLE = YES;
				IPHONEOS_DEPLOYMENT_TARGET = 8.3;
				MTL_ENABLE_DEBUG_INFO = YES;
				ONLY_ACTIVE_ARCH = YES;
				SDKROOT = iphoneos;
				TARGETED_DEVICE_FAMILY = "1,2";
			};
			name = Debug;
		};
		BE150D701B29F869005FBB5F /* Release */ = {
			isa = XCBuildConfiguration;
			buildSettings = {
				ALWAYS_SEARCH_USER_PATHS = NO;
				CLANG_CXX_LANGUAGE_STANDARD = "gnu++0x";
				CLANG_CXX_LIBRARY = "libc++";
				CLANG_ENABLE_MODULES = YES;
				CLANG_ENABLE_OBJC_ARC = YES;
				CLANG_WARN_BOOL_CONVERSION = YES;
				CLANG_WARN_CONSTANT_CONVERSION = YES;
				CLANG_WARN_DIRECT_OBJC_ISA_USAGE = YES_ERROR;
				CLANG_WARN_EMPTY_BODY = YES;
				CLANG_WARN_ENUM_CONVERSION = YES;
				CLANG_WARN_INT_CONVERSION = YES;
				CLANG_WARN_OBJC_ROOT_CLASS = YES_ERROR;
				CLANG_WARN_UNREACHABLE_CODE = YES;
				CLANG_WARN__DUPLICATE_METHOD_MATCH = YES;
				"CODE_SIGN_IDENTITY[sdk=iphoneos*]" = "iPhone Developer";
				COPY_PHASE_STRIP = NO;
				DEBUG_INFORMATION_FORMAT = "dwarf-with-dsym";
				ENABLE_NS_ASSERTIONS = NO;
				ENABLE_STRICT_OBJC_MSGSEND = YES;
				GCC_C_LANGUAGE_STANDARD = gnu99;
				GCC_NO_COMMON_BLOCKS = YES;
				GCC_WARN_64_TO_32_BIT_CONVERSION = YES;
				GCC_WARN_ABOUT_RETURN_TYPE = YES_ERROR;
				GCC_WARN_UNDECLARED_SELECTOR = YES;
				GCC_WARN_UNINITIALIZED_AUTOS = YES_AGGRESSIVE;
				GCC_WARN_UNUSED_FUNCTION = YES;
				GCC_WARN_UNUSED_VARIABLE = YES;
				IPHONEOS_DEPLOYMENT_TARGET = 8.3;
				MTL_ENABLE_DEBUG_INFO = NO;
				SDKROOT = iphoneos;
				TARGETED_DEVICE_FAMILY = "1,2";
				VALIDATE_PRODUCT = YES;
			};
			name = Release;
		};
		BE150D721B29F869005FBB5F /* Debug */ = {
			isa = XCBuildConfiguration;
			buildSettings = {
				ASSETCATALOG_COMPILER_APPICON_NAME = AppIcon;
				INFOPLIST_FILE = TopTabController/Info.plist;
				LD_RUNPATH_SEARCH_PATHS = "$(inherited) @executable_path/Frameworks";
				PRODUCT_NAME = "$(TARGET_NAME)";
			};
			name = Debug;
		};
		BE150D731B29F869005FBB5F /* Release */ = {
			isa = XCBuildConfiguration;
			buildSettings = {
				ASSETCATALOG_COMPILER_APPICON_NAME = AppIcon;
				INFOPLIST_FILE = TopTabController/Info.plist;
				LD_RUNPATH_SEARCH_PATHS = "$(inherited) @executable_path/Frameworks";
				PRODUCT_NAME = "$(TARGET_NAME)";
			};
			name = Release;
		};
		BE150D751B29F869005FBB5F /* Debug */ = {
			isa = XCBuildConfiguration;
			buildSettings = {
				BUNDLE_LOADER = "$(TEST_HOST)";
				FRAMEWORK_SEARCH_PATHS = (
					"$(SDKROOT)/Developer/Library/Frameworks",
					"$(inherited)",
				);
				GCC_PREPROCESSOR_DEFINITIONS = (
					"DEBUG=1",
					"$(inherited)",
				);
				INFOPLIST_FILE = TopTabControllerTests/Info.plist;
				LD_RUNPATH_SEARCH_PATHS = "$(inherited) @executable_path/Frameworks @loader_path/Frameworks";
				PRODUCT_NAME = "$(TARGET_NAME)";
				TEST_HOST = "$(BUILT_PRODUCTS_DIR)/TopTabController.app/TopTabController";
			};
			name = Debug;
		};
		BE150D761B29F869005FBB5F /* Release */ = {
			isa = XCBuildConfiguration;
			buildSettings = {
				BUNDLE_LOADER = "$(TEST_HOST)";
				FRAMEWORK_SEARCH_PATHS = (
					"$(SDKROOT)/Developer/Library/Frameworks",
					"$(inherited)",
				);
				INFOPLIST_FILE = TopTabControllerTests/Info.plist;
				LD_RUNPATH_SEARCH_PATHS = "$(inherited) @executable_path/Frameworks @loader_path/Frameworks";
				PRODUCT_NAME = "$(TARGET_NAME)";
				TEST_HOST = "$(BUILT_PRODUCTS_DIR)/TopTabController.app/TopTabController";
			};
			name = Release;
		};
/* End XCBuildConfiguration section */

/* Begin XCConfigurationList section */
		BE150D491B29F869005FBB5F /* Build configuration list for PBXProject "TopTabController" */ = {
			isa = XCConfigurationList;
			buildConfigurations = (
				BE150D6F1B29F869005FBB5F /* Debug */,
				BE150D701B29F869005FBB5F /* Release */,
			);
			defaultConfigurationIsVisible = 0;
			defaultConfigurationName = Release;
		};
		BE150D711B29F869005FBB5F /* Build configuration list for PBXNativeTarget "TopTabController" */ = {
			isa = XCConfigurationList;
			buildConfigurations = (
				BE150D721B29F869005FBB5F /* Debug */,
				BE150D731B29F869005FBB5F /* Release */,
			);
			defaultConfigurationIsVisible = 0;
		};
		BE150D741B29F869005FBB5F /* Build configuration list for PBXNativeTarget "TopTabControllerTests" */ = {
			isa = XCConfigurationList;
			buildConfigurations = (
				BE150D751B29F869005FBB5F /* Debug */,
				BE150D761B29F869005FBB5F /* Release */,
			);
			defaultConfigurationIsVisible = 0;
		};
/* End XCConfigurationList section */
	};
	rootObject = BE150D461B29F869005FBB5F /* Project object */;
}
